// !$*UTF8*$!
{
	archiveVersion = 1;
	classes = {
	};
	objectVersion = 48;
	objects = {

/* Begin PBXBuildFile section */
		67AC163C2B7651D1E1335B78 /* Pods_Poke_dex.framework in Frameworks */ = {isa = PBXBuildFile; fileRef = 130E68A097DFB334CF748BC8 /* Pods_Poke_dex.framework */; };
		B91A04F320ED649800B0DAB2 /* PokemonInfo.storyboard in Resources */ = {isa = PBXBuildFile; fileRef = B91A04F220ED649800B0DAB2 /* PokemonInfo.storyboard */; };
		B91A04F520ED64A800B0DAB2 /* PokemonInfoViewController.swift in Sources */ = {isa = PBXBuildFile; fileRef = B91A04F420ED64A800B0DAB2 /* PokemonInfoViewController.swift */; };
		B91A04F720ED64D500B0DAB2 /* PokemonInfoServices.swift in Sources */ = {isa = PBXBuildFile; fileRef = B91A04F620ED64D500B0DAB2 /* PokemonInfoServices.swift */; };
		B91A04F920ED64E200B0DAB2 /* PokemonInfoState.swift in Sources */ = {isa = PBXBuildFile; fileRef = B91A04F820ED64E200B0DAB2 /* PokemonInfoState.swift */; };
		B91A04FB20ED64EF00B0DAB2 /* PokemonInfoReducer.swift in Sources */ = {isa = PBXBuildFile; fileRef = B91A04FA20ED64EF00B0DAB2 /* PokemonInfoReducer.swift */; };
		B91A04FD20ED650900B0DAB2 /* PokemonInfoActions.swift in Sources */ = {isa = PBXBuildFile; fileRef = B91A04FC20ED650900B0DAB2 /* PokemonInfoActions.swift */; };
		B93BA22220EE8E1000C853FF /* Pokemon+CoreDataClass.swift in Sources */ = {isa = PBXBuildFile; fileRef = B93BA22020EE8E1000C853FF /* Pokemon+CoreDataClass.swift */; };
		B93BA22320EE8E1000C853FF /* Pokemon+CoreDataProperties.swift in Sources */ = {isa = PBXBuildFile; fileRef = B93BA22120EE8E1000C853FF /* Pokemon+CoreDataProperties.swift */; };
		B952623E20F4D7C000A091AF /* Type+CoreDataClass.swift in Sources */ = {isa = PBXBuildFile; fileRef = B952623C20F4D7C000A091AF /* Type+CoreDataClass.swift */; };
		B952623F20F4D7C000A091AF /* Type+CoreDataProperties.swift in Sources */ = {isa = PBXBuildFile; fileRef = B952623D20F4D7C000A091AF /* Type+CoreDataProperties.swift */; };
		B954C86220E6B62C00A4BD17 /* AppReducer.swift in Sources */ = {isa = PBXBuildFile; fileRef = B954C86120E6B62C00A4BD17 /* AppReducer.swift */; };
		B954C86420E6B68D00A4BD17 /* AppState.swift in Sources */ = {isa = PBXBuildFile; fileRef = B954C86320E6B68D00A4BD17 /* AppState.swift */; };
		B954C86D20E6B7DB00A4BD17 /* PokedexListReducer.swift in Sources */ = {isa = PBXBuildFile; fileRef = B954C86C20E6B7DB00A4BD17 /* PokedexListReducer.swift */; };
		B954C86F20E6B7E900A4BD17 /* PokedexListActions.swift in Sources */ = {isa = PBXBuildFile; fileRef = B954C86E20E6B7E900A4BD17 /* PokedexListActions.swift */; };
		B954C87120E6B7FB00A4BD17 /* PokedexListState.swift in Sources */ = {isa = PBXBuildFile; fileRef = B954C87020E6B7FB00A4BD17 /* PokedexListState.swift */; };
		B954C87320E6B81100A4BD17 /* PokedexListService.swift in Sources */ = {isa = PBXBuildFile; fileRef = B954C87220E6B81100A4BD17 /* PokedexListService.swift */; };
		B954C87520E6B82A00A4BD17 /* PokedexListViewController.swift in Sources */ = {isa = PBXBuildFile; fileRef = B954C87420E6B82A00A4BD17 /* PokedexListViewController.swift */; };
		B97A8E5D20EB9233007E0EBC /* DataController.swift in Sources */ = {isa = PBXBuildFile; fileRef = B97A8E5C20EB9233007E0EBC /* DataController.swift */; };
		B99D49A520E6BE3400F10AF1 /* PokedexList.storyboard in Resources */ = {isa = PBXBuildFile; fileRef = B99D49A420E6BE3400F10AF1 /* PokedexList.storyboard */; };
		B99D49A720E6C1FD00F10AF1 /* Main.storyboard in Resources */ = {isa = PBXBuildFile; fileRef = B99D49A620E6C1FD00F10AF1 /* Main.storyboard */; };
		B99D49AA20E6D7B600F10AF1 /* PokemonData.xcdatamodeld in Sources */ = {isa = PBXBuildFile; fileRef = B99D49A820E6D7B600F10AF1 /* PokemonData.xcdatamodeld */; };
		B9BB64DE20E3C85E004D901D /* AppDelegate.swift in Sources */ = {isa = PBXBuildFile; fileRef = B9BB64DD20E3C85E004D901D /* AppDelegate.swift */; };
		B9BB64E020E3C85E004D901D /* ViewController.swift in Sources */ = {isa = PBXBuildFile; fileRef = B9BB64DF20E3C85E004D901D /* ViewController.swift */; };
		B9BB64E520E3C85E004D901D /* Assets.xcassets in Resources */ = {isa = PBXBuildFile; fileRef = B9BB64E420E3C85E004D901D /* Assets.xcassets */; };
		B9BB64E820E3C85E004D901D /* LaunchScreen.storyboard in Resources */ = {isa = PBXBuildFile; fileRef = B9BB64E620E3C85E004D901D /* LaunchScreen.storyboard */; };
/* End PBXBuildFile section */

/* Begin PBXFileReference section */
		130E68A097DFB334CF748BC8 /* Pods_Poke_dex.framework */ = {isa = PBXFileReference; explicitFileType = wrapper.framework; includeInIndex = 0; path = Pods_Poke_dex.framework; sourceTree = BUILT_PRODUCTS_DIR; };
		1D0D16D3DF43D9B4774A3A3B /* Pods-Pokédex.release.xcconfig */ = {isa = PBXFileReference; includeInIndex = 1; lastKnownFileType = text.xcconfig; name = "Pods-Pokédex.release.xcconfig"; path = "Pods/Target Support Files/Pods-Pokédex/Pods-Pokédex.release.xcconfig"; sourceTree = "<group>"; };
		A194CD76F9EFC448C14DA28F /* Pods-Pokédex.debug.xcconfig */ = {isa = PBXFileReference; includeInIndex = 1; lastKnownFileType = text.xcconfig; name = "Pods-Pokédex.debug.xcconfig"; path = "Pods/Target Support Files/Pods-Pokédex/Pods-Pokédex.debug.xcconfig"; sourceTree = "<group>"; };
		B91A04F220ED649800B0DAB2 /* PokemonInfo.storyboard */ = {isa = PBXFileReference; lastKnownFileType = file.storyboard; path = PokemonInfo.storyboard; sourceTree = "<group>"; };
		B91A04F420ED64A800B0DAB2 /* PokemonInfoViewController.swift */ = {isa = PBXFileReference; lastKnownFileType = sourcecode.swift; path = PokemonInfoViewController.swift; sourceTree = "<group>"; };
		B91A04F620ED64D500B0DAB2 /* PokemonInfoServices.swift */ = {isa = PBXFileReference; lastKnownFileType = sourcecode.swift; path = PokemonInfoServices.swift; sourceTree = "<group>"; };
		B91A04F820ED64E200B0DAB2 /* PokemonInfoState.swift */ = {isa = PBXFileReference; lastKnownFileType = sourcecode.swift; path = PokemonInfoState.swift; sourceTree = "<group>"; };
		B91A04FA20ED64EF00B0DAB2 /* PokemonInfoReducer.swift */ = {isa = PBXFileReference; lastKnownFileType = sourcecode.swift; path = PokemonInfoReducer.swift; sourceTree = "<group>"; };
		B91A04FC20ED650900B0DAB2 /* PokemonInfoActions.swift */ = {isa = PBXFileReference; lastKnownFileType = sourcecode.swift; path = PokemonInfoActions.swift; sourceTree = "<group>"; };
		B93BA22020EE8E1000C853FF /* Pokemon+CoreDataClass.swift */ = {isa = PBXFileReference; lastKnownFileType = sourcecode.swift; path = "Pokemon+CoreDataClass.swift"; sourceTree = "<group>"; };
		B93BA22120EE8E1000C853FF /* Pokemon+CoreDataProperties.swift */ = {isa = PBXFileReference; lastKnownFileType = sourcecode.swift; path = "Pokemon+CoreDataProperties.swift"; sourceTree = "<group>"; };
		B952623C20F4D7C000A091AF /* Type+CoreDataClass.swift */ = {isa = PBXFileReference; lastKnownFileType = sourcecode.swift; path = "Type+CoreDataClass.swift"; sourceTree = "<group>"; };
		B952623D20F4D7C000A091AF /* Type+CoreDataProperties.swift */ = {isa = PBXFileReference; lastKnownFileType = sourcecode.swift; path = "Type+CoreDataProperties.swift"; sourceTree = "<group>"; };
		B954C86120E6B62C00A4BD17 /* AppReducer.swift */ = {isa = PBXFileReference; lastKnownFileType = sourcecode.swift; path = AppReducer.swift; sourceTree = "<group>"; };
		B954C86320E6B68D00A4BD17 /* AppState.swift */ = {isa = PBXFileReference; lastKnownFileType = sourcecode.swift; path = AppState.swift; sourceTree = "<group>"; };
		B954C86C20E6B7DB00A4BD17 /* PokedexListReducer.swift */ = {isa = PBXFileReference; lastKnownFileType = sourcecode.swift; path = PokedexListReducer.swift; sourceTree = "<group>"; };
		B954C86E20E6B7E900A4BD17 /* PokedexListActions.swift */ = {isa = PBXFileReference; lastKnownFileType = sourcecode.swift; path = PokedexListActions.swift; sourceTree = "<group>"; };
		B954C87020E6B7FB00A4BD17 /* PokedexListState.swift */ = {isa = PBXFileReference; lastKnownFileType = sourcecode.swift; path = PokedexListState.swift; sourceTree = "<group>"; };
		B954C87220E6B81100A4BD17 /* PokedexListService.swift */ = {isa = PBXFileReference; lastKnownFileType = sourcecode.swift; path = PokedexListService.swift; sourceTree = "<group>"; };
		B954C87420E6B82A00A4BD17 /* PokedexListViewController.swift */ = {isa = PBXFileReference; lastKnownFileType = sourcecode.swift; path = PokedexListViewController.swift; sourceTree = "<group>"; };
		B97A8E5C20EB9233007E0EBC /* DataController.swift */ = {isa = PBXFileReference; lastKnownFileType = sourcecode.swift; path = DataController.swift; sourceTree = "<group>"; };
		B99D49A420E6BE3400F10AF1 /* PokedexList.storyboard */ = {isa = PBXFileReference; lastKnownFileType = file.storyboard; path = PokedexList.storyboard; sourceTree = "<group>"; };
		B99D49A620E6C1FD00F10AF1 /* Main.storyboard */ = {isa = PBXFileReference; lastKnownFileType = file.storyboard; path = Main.storyboard; sourceTree = "<group>"; };
		B99D49A920E6D7B600F10AF1 /* PokemonData.xcdatamodel */ = {isa = PBXFileReference; lastKnownFileType = wrapper.xcdatamodel; path = PokemonData.xcdatamodel; sourceTree = "<group>"; };
		B9BB64DA20E3C85E004D901D /* Pokédex.app */ = {isa = PBXFileReference; explicitFileType = wrapper.application; includeInIndex = 0; path = "Pokédex.app"; sourceTree = BUILT_PRODUCTS_DIR; };
		B9BB64DD20E3C85E004D901D /* AppDelegate.swift */ = {isa = PBXFileReference; lastKnownFileType = sourcecode.swift; path = AppDelegate.swift; sourceTree = "<group>"; };
		B9BB64DF20E3C85E004D901D /* ViewController.swift */ = {isa = PBXFileReference; lastKnownFileType = sourcecode.swift; path = ViewController.swift; sourceTree = "<group>"; };
		B9BB64E420E3C85E004D901D /* Assets.xcassets */ = {isa = PBXFileReference; lastKnownFileType = folder.assetcatalog; path = Assets.xcassets; sourceTree = "<group>"; };
		B9BB64E720E3C85E004D901D /* Base */ = {isa = PBXFileReference; lastKnownFileType = file.storyboard; name = Base; path = Base.lproj/LaunchScreen.storyboard; sourceTree = "<group>"; };
		B9BB64E920E3C85E004D901D /* Info.plist */ = {isa = PBXFileReference; lastKnownFileType = text.plist.xml; path = Info.plist; sourceTree = "<group>"; };
/* End PBXFileReference section */

/* Begin PBXFrameworksBuildPhase section */
		B9BB64D720E3C85E004D901D /* Frameworks */ = {
			isa = PBXFrameworksBuildPhase;
			buildActionMask = 2147483647;
			files = (
				67AC163C2B7651D1E1335B78 /* Pods_Poke_dex.framework in Frameworks */,
			);
			runOnlyForDeploymentPostprocessing = 0;
		};
/* End PBXFrameworksBuildPhase section */

/* Begin PBXGroup section */
		29D4EE7DA51EA2A6843DBF70 /* Frameworks */ = {
			isa = PBXGroup;
			children = (
				130E68A097DFB334CF748BC8 /* Pods_Poke_dex.framework */,
			);
			name = Frameworks;
			sourceTree = "<group>";
		};
		7C287290F3E10FB71F1C196F /* Pods */ = {
			isa = PBXGroup;
			children = (
				A194CD76F9EFC448C14DA28F /* Pods-Pokédex.debug.xcconfig */,
				1D0D16D3DF43D9B4774A3A3B /* Pods-Pokédex.release.xcconfig */,
			);
			name = Pods;
			sourceTree = "<group>";
		};
		B91A04F120ED646A00B0DAB2 /* PokemonInfo */ = {
			isa = PBXGroup;
			children = (
				B91A04FC20ED650900B0DAB2 /* PokemonInfoActions.swift */,
				B91A04FA20ED64EF00B0DAB2 /* PokemonInfoReducer.swift */,
				B91A04F820ED64E200B0DAB2 /* PokemonInfoState.swift */,
				B91A04F620ED64D500B0DAB2 /* PokemonInfoServices.swift */,
				B91A04F420ED64A800B0DAB2 /* PokemonInfoViewController.swift */,
				B91A04F220ED649800B0DAB2 /* PokemonInfo.storyboard */,
			);
			path = PokemonInfo;
			sourceTree = "<group>";
		};
		B954C86A20E6B79200A4BD17 /* PokedexList */ = {
			isa = PBXGroup;
			children = (
				B954C86E20E6B7E900A4BD17 /* PokedexListActions.swift */,
				B954C86C20E6B7DB00A4BD17 /* PokedexListReducer.swift */,
				B954C87020E6B7FB00A4BD17 /* PokedexListState.swift */,
				B954C87220E6B81100A4BD17 /* PokedexListService.swift */,
				B954C87420E6B82A00A4BD17 /* PokedexListViewController.swift */,
				B99D49A420E6BE3400F10AF1 /* PokedexList.storyboard */,
			);
			path = PokedexList;
			sourceTree = "<group>";
		};
		B954C86B20E6B7A200A4BD17 /* Model */ = {
			isa = PBXGroup;
			children = (
				B952623C20F4D7C000A091AF /* Type+CoreDataClass.swift */,
				B952623D20F4D7C000A091AF /* Type+CoreDataProperties.swift */,
				B93BA22020EE8E1000C853FF /* Pokemon+CoreDataClass.swift */,
				B93BA22120EE8E1000C853FF /* Pokemon+CoreDataProperties.swift */,
				B97A8E5C20EB9233007E0EBC /* DataController.swift */,
				B99D49A820E6D7B600F10AF1 /* PokemonData.xcdatamodeld */,
			);
			path = Model;
			sourceTree = "<group>";
		};
		B9BB64D120E3C85E004D901D = {
			isa = PBXGroup;
			children = (
				B9BB64DC20E3C85E004D901D /* Pokédex */,
				B9BB64DB20E3C85E004D901D /* Products */,
				7C287290F3E10FB71F1C196F /* Pods */,
				29D4EE7DA51EA2A6843DBF70 /* Frameworks */,
			);
			sourceTree = "<group>";
		};
		B9BB64DB20E3C85E004D901D /* Products */ = {
			isa = PBXGroup;
			children = (
				B9BB64DA20E3C85E004D901D /* Pokédex.app */,
			);
			name = Products;
			sourceTree = "<group>";
		};
		B9BB64DC20E3C85E004D901D /* Pokédex */ = {
			isa = PBXGroup;
			children = (
				B9BB64DD20E3C85E004D901D /* AppDelegate.swift */,
				B954C86120E6B62C00A4BD17 /* AppReducer.swift */,
				B954C86320E6B68D00A4BD17 /* AppState.swift */,
				B9BB64DF20E3C85E004D901D /* ViewController.swift */,
				B954C86A20E6B79200A4BD17 /* PokedexList */,
				B91A04F120ED646A00B0DAB2 /* PokemonInfo */,
				B954C86B20E6B7A200A4BD17 /* Model */,
				B9BB64E620E3C85E004D901D /* LaunchScreen.storyboard */,
				B99D49A620E6C1FD00F10AF1 /* Main.storyboard */,
				B9BB64E420E3C85E004D901D /* Assets.xcassets */,
				B9BB64E920E3C85E004D901D /* Info.plist */,
			);
			path = "Pokédex";
			sourceTree = "<group>";
		};
/* End PBXGroup section */

/* Begin PBXNativeTarget section */
		B9BB64D920E3C85E004D901D /* Pokédex */ = {
			isa = PBXNativeTarget;
			buildConfigurationList = B9BB64EC20E3C85E004D901D /* Build configuration list for PBXNativeTarget "Pokédex" */;
			buildPhases = (
				7EEA58D1C4EA3FD32DB430E6 /* [CP] Check Pods Manifest.lock */,
				B9BB64D620E3C85E004D901D /* Sources */,
				B9BB64D720E3C85E004D901D /* Frameworks */,
				B9BB64D820E3C85E004D901D /* Resources */,
				D51C38A59E2D45044CF9AF17 /* [CP] Embed Pods Frameworks */,
				EDFB517890D02611D0CCE06B /* [CP] Copy Pods Resources */,
			);
			buildRules = (
			);
			dependencies = (
			);
			name = "Pokédex";
			productName = "Pokédex";
			productReference = B9BB64DA20E3C85E004D901D /* Pokédex.app */;
			productType = "com.apple.product-type.application";
		};
/* End PBXNativeTarget section */

/* Begin PBXProject section */
		B9BB64D220E3C85E004D901D /* Project object */ = {
			isa = PBXProject;
			attributes = {
				LastSwiftUpdateCheck = 0920;
				LastUpgradeCheck = 0920;
				ORGANIZATIONNAME = Bridge;
				TargetAttributes = {
					B9BB64D920E3C85E004D901D = {
						CreatedOnToolsVersion = 9.2;
						ProvisioningStyle = Automatic;
					};
				};
			};
			buildConfigurationList = B9BB64D520E3C85E004D901D /* Build configuration list for PBXProject "Pokédex" */;
			compatibilityVersion = "Xcode 8.0";
			developmentRegion = en;
			hasScannedForEncodings = 0;
			knownRegions = (
				en,
				Base,
			);
			mainGroup = B9BB64D120E3C85E004D901D;
			productRefGroup = B9BB64DB20E3C85E004D901D /* Products */;
			projectDirPath = "";
			projectRoot = "";
			targets = (
				B9BB64D920E3C85E004D901D /* Pokédex */,
			);
		};
/* End PBXProject section */

/* Begin PBXResourcesBuildPhase section */
		B9BB64D820E3C85E004D901D /* Resources */ = {
			isa = PBXResourcesBuildPhase;
			buildActionMask = 2147483647;
			files = (
				B9BB64E820E3C85E004D901D /* LaunchScreen.storyboard in Resources */,
				B99D49A520E6BE3400F10AF1 /* PokedexList.storyboard in Resources */,
				B91A04F320ED649800B0DAB2 /* PokemonInfo.storyboard in Resources */,
				B9BB64E520E3C85E004D901D /* Assets.xcassets in Resources */,
				B99D49A720E6C1FD00F10AF1 /* Main.storyboard in Resources */,
			);
			runOnlyForDeploymentPostprocessing = 0;
		};
/* End PBXResourcesBuildPhase section */

/* Begin PBXShellScriptBuildPhase section */
		7EEA58D1C4EA3FD32DB430E6 /* [CP] Check Pods Manifest.lock */ = {
			isa = PBXShellScriptBuildPhase;
			buildActionMask = 2147483647;
			files = (
			);
			inputPaths = (
				"${PODS_PODFILE_DIR_PATH}/Podfile.lock",
				"${PODS_ROOT}/Manifest.lock",
			);
			name = "[CP] Check Pods Manifest.lock";
			outputPaths = (
				"$(DERIVED_FILE_DIR)/Pods-Pokédex-checkManifestLockResult.txt",
			);
			runOnlyForDeploymentPostprocessing = 0;
			shellPath = /bin/sh;
			shellScript = "diff \"${PODS_PODFILE_DIR_PATH}/Podfile.lock\" \"${PODS_ROOT}/Manifest.lock\" > /dev/null\nif [ $? != 0 ] ; then\n    # print error to STDERR\n    echo \"error: The sandbox is not in sync with the Podfile.lock. Run 'pod install' or update your CocoaPods installation.\" >&2\n    exit 1\nfi\n# This output is used by Xcode 'outputs' to avoid re-running this script phase.\necho \"SUCCESS\" > \"${SCRIPT_OUTPUT_FILE_0}\"\n";
			showEnvVarsInLog = 0;
		};
		D51C38A59E2D45044CF9AF17 /* [CP] Embed Pods Frameworks */ = {
			isa = PBXShellScriptBuildPhase;
			buildActionMask = 2147483647;
			files = (
			);
			inputPaths = (
				"${SRCROOT}/Pods/Target Support Files/Pods-Pokédex/Pods-Pokédex-frameworks.sh",
				"${BUILT_PRODUCTS_DIR}/Alamofire/Alamofire.framework",
				"${BUILT_PRODUCTS_DIR}/AlamofireImage/AlamofireImage.framework",
				"${BUILT_PRODUCTS_DIR}/ObjectMapper/ObjectMapper.framework",
				"${BUILT_PRODUCTS_DIR}/ReSwift/ReSwift.framework",
			);
			name = "[CP] Embed Pods Frameworks";
			outputPaths = (
				"${TARGET_BUILD_DIR}/${FRAMEWORKS_FOLDER_PATH}/Alamofire.framework",
				"${TARGET_BUILD_DIR}/${FRAMEWORKS_FOLDER_PATH}/AlamofireImage.framework",
				"${TARGET_BUILD_DIR}/${FRAMEWORKS_FOLDER_PATH}/ObjectMapper.framework",
				"${TARGET_BUILD_DIR}/${FRAMEWORKS_FOLDER_PATH}/ReSwift.framework",
			);
			runOnlyForDeploymentPostprocessing = 0;
			shellPath = /bin/sh;
			shellScript = "\"${SRCROOT}/Pods/Target Support Files/Pods-Pokédex/Pods-Pokédex-frameworks.sh\"\n";
			showEnvVarsInLog = 0;
		};
		EDFB517890D02611D0CCE06B /* [CP] Copy Pods Resources */ = {
			isa = PBXShellScriptBuildPhase;
			buildActionMask = 2147483647;
			files = (
			);
			inputPaths = (
			);
			name = "[CP] Copy Pods Resources";
			outputPaths = (
			);
			runOnlyForDeploymentPostprocessing = 0;
			shellPath = /bin/sh;
			shellScript = "\"${SRCROOT}/Pods/Target Support Files/Pods-Pokédex/Pods-Pokédex-resources.sh\"\n";
			showEnvVarsInLog = 0;
		};
/* End PBXShellScriptBuildPhase section */

/* Begin PBXSourcesBuildPhase section */
		B9BB64D620E3C85E004D901D /* Sources */ = {
			isa = PBXSourcesBuildPhase;
			buildActionMask = 2147483647;
			files = (
				B91A04F720ED64D500B0DAB2 /* PokemonInfoServices.swift in Sources */,
				B97A8E5D20EB9233007E0EBC /* DataController.swift in Sources */,
				B952623E20F4D7C000A091AF /* Type+CoreDataClass.swift in Sources */,
				B954C86220E6B62C00A4BD17 /* AppReducer.swift in Sources */,
				B9BB64E020E3C85E004D901D /* ViewController.swift in Sources */,
				B952623F20F4D7C000A091AF /* Type+CoreDataProperties.swift in Sources */,
				B954C86D20E6B7DB00A4BD17 /* PokedexListReducer.swift in Sources */,
				B9BB64DE20E3C85E004D901D /* AppDelegate.swift in Sources */,
				B91A04F920ED64E200B0DAB2 /* PokemonInfoState.swift in Sources */,
				B91A04F520ED64A800B0DAB2 /* PokemonInfoViewController.swift in Sources */,
				B954C86420E6B68D00A4BD17 /* AppState.swift in Sources */,
				B91A04FB20ED64EF00B0DAB2 /* PokemonInfoReducer.swift in Sources */,
				B954C87120E6B7FB00A4BD17 /* PokedexListState.swift in Sources */,
				B954C87320E6B81100A4BD17 /* PokedexListService.swift in Sources */,
				B91A04FD20ED650900B0DAB2 /* PokemonInfoActions.swift in Sources */,
				B93BA22220EE8E1000C853FF /* Pokemon+CoreDataClass.swift in Sources */,
				B954C87520E6B82A00A4BD17 /* PokedexListViewController.swift in Sources */,
				B99D49AA20E6D7B600F10AF1 /* PokemonData.xcdatamodeld in Sources */,
				B93BA22320EE8E1000C853FF /* Pokemon+CoreDataProperties.swift in Sources */,
				B954C86F20E6B7E900A4BD17 /* PokedexListActions.swift in Sources */,
			);
			runOnlyForDeploymentPostprocessing = 0;
		};
/* End PBXSourcesBuildPhase section */

/* Begin PBXVariantGroup section */
		B9BB64E620E3C85E004D901D /* LaunchScreen.storyboard */ = {
			isa = PBXVariantGroup;
			children = (
				B9BB64E720E3C85E004D901D /* Base */,
			);
			name = LaunchScreen.storyboard;
			sourceTree = "<group>";
		};
/* End PBXVariantGroup section */

/* Begin XCBuildConfiguration section */
		B9BB64EA20E3C85E004D901D /* Debug */ = {
			isa = XCBuildConfiguration;
			buildSettings = {
				ALWAYS_SEARCH_USER_PATHS = NO;
				CLANG_ANALYZER_NONNULL = YES;
				CLANG_ANALYZER_NUMBER_OBJECT_CONVERSION = YES_AGGRESSIVE;
				CLANG_CXX_LANGUAGE_STANDARD = "gnu++14";
				CLANG_CXX_LIBRARY = "libc++";
				CLANG_ENABLE_MODULES = YES;
				CLANG_ENABLE_OBJC_ARC = YES;
				CLANG_WARN_BLOCK_CAPTURE_AUTORELEASING = YES;
				CLANG_WARN_BOOL_CONVERSION = YES;
				CLANG_WARN_COMMA = YES;
				CLANG_WARN_CONSTANT_CONVERSION = YES;
				CLANG_WARN_DIRECT_OBJC_ISA_USAGE = YES_ERROR;
				CLANG_WARN_DOCUMENTATION_COMMENTS = YES;
				CLANG_WARN_EMPTY_BODY = YES;
				CLANG_WARN_ENUM_CONVERSION = YES;
				CLANG_WARN_INFINITE_RECURSION = YES;
				CLANG_WARN_INT_CONVERSION = YES;
				CLANG_WARN_NON_LITERAL_NULL_CONVERSION = YES;
				CLANG_WARN_OBJC_LITERAL_CONVERSION = YES;
				CLANG_WARN_OBJC_ROOT_CLASS = YES_ERROR;
				CLANG_WARN_RANGE_LOOP_ANALYSIS = YES;
				CLANG_WARN_STRICT_PROTOTYPES = YES;
				CLANG_WARN_SUSPICIOUS_MOVE = YES;
				CLANG_WARN_UNGUARDED_AVAILABILITY = YES_AGGRESSIVE;
				CLANG_WARN_UNREACHABLE_CODE = YES;
				CLANG_WARN__DUPLICATE_METHOD_MATCH = YES;
				CODE_SIGN_IDENTITY = "iPhone Developer";
				COPY_PHASE_STRIP = NO;
				DEBUG_INFORMATION_FORMAT = dwarf;
				ENABLE_STRICT_OBJC_MSGSEND = YES;
				ENABLE_TESTABILITY = YES;
				GCC_C_LANGUAGE_STANDARD = gnu11;
				GCC_DYNAMIC_NO_PIC = NO;
				GCC_NO_COMMON_BLOCKS = YES;
				GCC_OPTIMIZATION_LEVEL = 0;
				GCC_PREPROCESSOR_DEFINITIONS = (
					"DEBUG=1",
					"$(inherited)",
				);
				GCC_WARN_64_TO_32_BIT_CONVERSION = YES;
				GCC_WARN_ABOUT_RETURN_TYPE = YES_ERROR;
				GCC_WARN_UNDECLARED_SELECTOR = YES;
				GCC_WARN_UNINITIALIZED_AUTOS = YES_AGGRESSIVE;
				GCC_WARN_UNUSED_FUNCTION = YES;
				GCC_WARN_UNUSED_VARIABLE = YES;
				IPHONEOS_DEPLOYMENT_TARGET = 11.2;
				MTL_ENABLE_DEBUG_INFO = YES;
				ONLY_ACTIVE_ARCH = YES;
				SDKROOT = iphoneos;
				SWIFT_ACTIVE_COMPILATION_CONDITIONS = DEBUG;
				SWIFT_OPTIMIZATION_LEVEL = "-Onone";
			};
			name = Debug;
		};
		B9BB64EB20E3C85E004D901D /* Release */ = {
			isa = XCBuildConfiguration;
			buildSettings = {
				ALWAYS_SEARCH_USER_PATHS = NO;
				CLANG_ANALYZER_NONNULL = YES;
				CLANG_ANALYZER_NUMBER_OBJECT_CONVERSION = YES_AGGRESSIVE;
				CLANG_CXX_LANGUAGE_STANDARD = "gnu++14";
				CLANG_CXX_LIBRARY = "libc++";
				CLANG_ENABLE_MODULES = YES;
				CLANG_ENABLE_OBJC_ARC = YES;
				CLANG_WARN_BLOCK_CAPTURE_AUTORELEASING = YES;
				CLANG_WARN_BOOL_CONVERSION = YES;
				CLANG_WARN_COMMA = YES;
				CLANG_WARN_CONSTANT_CONVERSION = YES;
				CLANG_WARN_DIRECT_OBJC_ISA_USAGE = YES_ERROR;
				CLANG_WARN_DOCUMENTATION_COMMENTS = YES;
				CLANG_WARN_EMPTY_BODY = YES;
				CLANG_WARN_ENUM_CONVERSION = YES;
				CLANG_WARN_INFINITE_RECURSION = YES;
				CLANG_WARN_INT_CONVERSION = YES;
				CLANG_WARN_NON_LITERAL_NULL_CONVERSION = YES;
				CLANG_WARN_OBJC_LITERAL_CONVERSION = YES;
				CLANG_WARN_OBJC_ROOT_CLASS = YES_ERROR;
				CLANG_WARN_RANGE_LOOP_ANALYSIS = YES;
				CLANG_WARN_STRICT_PROTOTYPES = YES;
				CLANG_WARN_SUSPICIOUS_MOVE = YES;
				CLANG_WARN_UNGUARDED_AVAILABILITY = YES_AGGRESSIVE;
				CLANG_WARN_UNREACHABLE_CODE = YES;
				CLANG_WARN__DUPLICATE_METHOD_MATCH = YES;
				CODE_SIGN_IDENTITY = "iPhone Developer";
				COPY_PHASE_STRIP = NO;
				DEBUG_INFORMATION_FORMAT = "dwarf-with-dsym";
				ENABLE_NS_ASSERTIONS = NO;
				ENABLE_STRICT_OBJC_MSGSEND = YES;
				GCC_C_LANGUAGE_STANDARD = gnu11;
				GCC_NO_COMMON_BLOCKS = YES;
				GCC_WARN_64_TO_32_BIT_CONVERSION = YES;
				GCC_WARN_ABOUT_RETURN_TYPE = YES_ERROR;
				GCC_WARN_UNDECLARED_SELECTOR = YES;
				GCC_WARN_UNINITIALIZED_AUTOS = YES_AGGRESSIVE;
				GCC_WARN_UNUSED_FUNCTION = YES;
				GCC_WARN_UNUSED_VARIABLE = YES;
				IPHONEOS_DEPLOYMENT_TARGET = 11.2;
				MTL_ENABLE_DEBUG_INFO = NO;
				SDKROOT = iphoneos;
				SWIFT_OPTIMIZATION_LEVEL = "-Owholemodule";
				VALIDATE_PRODUCT = YES;
			};
			name = Release;
		};
		B9BB64ED20E3C85E004D901D /* Debug */ = {
			isa = XCBuildConfiguration;
			baseConfigurationReference = A194CD76F9EFC448C14DA28F /* Pods-Pokédex.debug.xcconfig */;
			buildSettings = {
				ASSETCATALOG_COMPILER_APPICON_NAME = AppIcon;
				CODE_SIGN_STYLE = Automatic;
				DEVELOPMENT_TEAM = GHJ6VHFXSU;
				INFOPLIST_FILE = "Pokédex/Info.plist";
				IPHONEOS_DEPLOYMENT_TARGET = 10.3;
				LD_RUNPATH_SEARCH_PATHS = "$(inherited) @executable_path/Frameworks";
				PRODUCT_BUNDLE_IDENTIFIER = "com.bridge.Poke-dex";
				PRODUCT_NAME = "$(TARGET_NAME)";
				SWIFT_VERSION = 4.0;
				TARGETED_DEVICE_FAMILY = "1,2";
			};
			name = Debug;
		};
		B9BB64EE20E3C85E004D901D /* Release */ = {
			isa = XCBuildConfiguration;
			baseConfigurationReference = 1D0D16D3DF43D9B4774A3A3B /* Pods-Pokédex.release.xcconfig */;
			buildSettings = {
				ASSETCATALOG_COMPILER_APPICON_NAME = AppIcon;
				CODE_SIGN_STYLE = Automatic;
				DEVELOPMENT_TEAM = GHJ6VHFXSU;
				INFOPLIST_FILE = "Pokédex/Info.plist";
				IPHONEOS_DEPLOYMENT_TARGET = 10.3;
				LD_RUNPATH_SEARCH_PATHS = "$(inherited) @executable_path/Frameworks";
				PRODUCT_BUNDLE_IDENTIFIER = "com.bridge.Poke-dex";
				PRODUCT_NAME = "$(TARGET_NAME)";
				SWIFT_VERSION = 4.0;
				TARGETED_DEVICE_FAMILY = "1,2";
			};
			name = Release;
		};
/* End XCBuildConfiguration section */

/* Begin XCConfigurationList section */
		B9BB64D520E3C85E004D901D /* Build configuration list for PBXProject "Pokédex" */ = {
			isa = XCConfigurationList;
			buildConfigurations = (
				B9BB64EA20E3C85E004D901D /* Debug */,
				B9BB64EB20E3C85E004D901D /* Release */,
			);
			defaultConfigurationIsVisible = 0;
			defaultConfigurationName = Release;
		};
		B9BB64EC20E3C85E004D901D /* Build configuration list for PBXNativeTarget "Pokédex" */ = {
			isa = XCConfigurationList;
			buildConfigurations = (
				B9BB64ED20E3C85E004D901D /* Debug */,
				B9BB64EE20E3C85E004D901D /* Release */,
			);
			defaultConfigurationIsVisible = 0;
			defaultConfigurationName = Release;
		};
/* End XCConfigurationList section */

/* Begin XCVersionGroup section */
		B99D49A820E6D7B600F10AF1 /* PokemonData.xcdatamodeld */ = {
			isa = XCVersionGroup;
			children = (
				B99D49A920E6D7B600F10AF1 /* PokemonData.xcdatamodel */,
			);
			currentVersion = B99D49A920E6D7B600F10AF1 /* PokemonData.xcdatamodel */;
			path = PokemonData.xcdatamodeld;
			sourceTree = "<group>";
			versionGroupType = wrapper.xcdatamodel;
		};
/* End XCVersionGroup section */
	};
	rootObject = B9BB64D220E3C85E004D901D /* Project object */;
}
